{
  "version": 4,
  "terraform_version": "1.14.3",
  "serial": 17,
  "lineage": "02ba2860-c01c-a826-c82a-214c53c96e2a",
  "outputs": {
    "dynamodb_table": {
      "value": "CS6650HW8-shopping-carts",
      "type": "string"
    },
    "rds_endpoint": {
      "value": "cs6650hw8-mysql.cyqo4hpsqcvk.us-west-2.rds.amazonaws.com:3306",
      "type": "string"
    }
  },
  "resources": [
    {
      "mode": "data",
      "type": "aws_ecr_authorization_token",
      "name": "registry",
      "provider": "provider[\"registry.terraform.io/hashicorp/aws\"]",
      "instances": [
        {
          "schema_version": 0,
          "attributes": {
            "authorization_token": "QVdTOmV5SndZWGxzYjJGa0lqb2lRMXA0ZVVONFF6VkphWE5tWWtwNlpHWmlOMkU0YUZSMk1YbHVjWEZXWkhGMkswTktTMGxpVkdoaGNuQTFRMjlQTUZoS2REVlFTMDkzUTJKYVRrZDBOU3RQUVZsdVdqVk9MM1UzTlVwMU5GUlNkMmx5WWxsSVJGbFFRVzVNTWxGb1UxbExZMFZ0VldaUFZGZERkQ3N4UkZab09WbEZTWFpaY1dWME1ISXpSVkpXWTJocU0wSkpMM2xUWWpscU9GRTJhMnREZW10WFFYVkVWaTlKYkdjd00wOU1OVGRxWlc1dVNteHVXVWhGUm1kNWJUZEtRbkZoVFVOWlJtMVdZbkJRU2s5RGJIQnJVRlpaVGpGaU1rcENiVGRtVUZFNGRUbEVRVkZQVWs1NlRFRmliMmRMUzNkd1JFZzJVbEJKTlRCR0wzaHNMMFF5VkdoRWNYUlVkRGc1VTNadE4wSlNObUZyTmt4cVkzaEdOV0ZMYkVsS01FdFRUWEZPUTBaTE5ta3JTQ3RzVjNCUWNXUnZWV2hpVVdsWGFtdDZUM2RxYVZaTWNFTlZWRWxKVEdWb1RXcG9hWGhSZW5WNmNuZExPREJqV1ZCM2VXVldha2hQT1hCT2JtWkxSMkZPVkhGUFYzWk1UVEpoWlVoVmVIZG1Va0ZUUkRoWlExUXpOalZXWlVOMlkzUjVZMDlMY201b1Z6RXdUMWM0WTJsa0wxVk9VbEJFVm01MmFEYzRNME5xTmtwVlNDdE1jbVpFTUM5Wk9FTm9MMkozVGtoNFdERm1ZMnhJV21KM2VWZEZUWEpVUnpsM2RWVmtjMDVWUzA5S2MzbEpia0ZqYTA5UFVVbGhOR1prV1VwMVVDOVVWR3A2Y1VSaFNYcEJaamMxSzI1aVNGbG1NWFJZTHpCUVkzRjZVbFJQYVdNdkszSmlTVVp1TnpocmVraGpkRmhFT0hjd2VsUldORTVSY0RWelNFVnpTVk13WVdaMVltOVVLM2xWY1VwWlpqRXdWSE50Wm1KQ1NVNVJkMkpKU1dzNVQyUm5TazlvZDNFclVpdEtWR2xrVDBWQ1ZVZE9aamxIT1ZRelpXTXpWMmhzVURsVmRraFBSWE5CTnl0V2NVWkVjM2xNT0ZKQ09YRnJNWGxNWVZweE0xWlRXVkpXVW5Zd2VrZGlVVEE1U214bGJVbDZNbWgzT0ZVeGFISjRWRmMzYjJjNVdEZFdTMk00UW5CRFJWWXdkMVJCY1VZd1RqRlFUSHBUVW10eWMwSjVPVzVUWjBoRVQyNTBiVTF4Tm05alNWZGpSbTVSUmtGYVNWSjJXa0UzYUd4WFoyUnFkRWsyVFcxMmFtVjFkeTlDU1dKNlNtTmhhVXh4UkU5R1Z6UlJZVXBETkd4cVNrMW1hVkl4TmxOWWFIWnRhM1JwZERWcldIQTFhemszVkRrcmJsQlRSbmhxZWxoelRFcHdRVTFrUmprMmNWbHBjSGd3Wms5T1lXUlpSMjRyZDNGUVVVVTFVVlpIWXpKUmIydENNalZhY1V3d1ZGVnJOVXhYU1ZNMWVHZERabFJDYW0xTFRrdFFhbkpOWmpWcGRtdzJTVGhFWWxwd09EVnVObnA0YTFsMlJFTlVLMUE1ZUVNcldXZHRSWE5hZEc1SmRHdHJTMmhUSzI5aGIyNDJlSEp6ZFVscVVHNHJVVmxHYXpWbU5uSkhMMUUyWXk4MWVrSmplVGQxUzNaRVEycDJjaTkxYjIxVVNIZEZSSEZJVjFNNU5tOVNNa3R3VFZsTE1URjFRV3BsVkRkWldYaFpUMVl6U0V4eFFqSk5TMmN2UXpFNU9UazNkakJoVUhoRGVGZHdUWGR1TlVsbmVESlFaR0ZyV0cxNkwwVTBka1JaUlV4NGMyOVhXVkJKVFU5NFRGRTRZalIyTVd4SGJsZzBiVmhXTDJacFZsSlhSbTVEZDFOTFMzUjNiR2RCTTJNMU1rNVRVR1ZvYjI1dldrNHJiRlZ1YjFwbVdreGxVSEZFU2s1eU5FdFNVbEp1TVhaQ1dIY3ZUMmgwY2tsUWVHVkxVbTV1UTNkVmFWRnJhWFJIYTFkdmRUZEtlQzgyVVVZMlltOHpkRnBDUW1WWFRVWjBZWE5MZURsaVZtTmhVMGhYUVdGNlVuSmhRVEZIVkUwMlkxUm5TMFJSYkM5RWRuY3ZPRmRvU1U1c1NWVnVaM1pvTkZrM09VUkhXbUZWTUhGUFJHaHpablozU1ZRclZGTk5WRzlqUkdoYUwwdERValJZUlhWS1p5SXNJbVJoZEdGclpYa2lPaUpCVVVWQ1FVaHFObXhqTkZoSlNuY3ZOMnh1TUVoak1EQkVUV1ZyTmtkRmVFaERZbGswVWtsd1ZFMURTVFU0U1c1VmQwRkJRVWcwZDJaQldVcExiMXBKYUhaalRrRlJZMGR2UnpoM1lsRkpRa0ZFUW05Q1oydHhhR3RwUnpsM01FSkNkMFYzU0dkWlNsbEpXa2xCVjFWRVFrRkZkVTFDUlVWRVMxcEhkRFl2VTFKamQxbzVORUpsUzBGSlFrVkpRVGR6TjB4MVdtWlZWbUptY0dobVZVcGFSM1ZSYjBKVlV6ZE9hV2hsZEhrNVRFVXJaMnRsVGpsQlJXbG9ORU12Y2k4eVJYRXZXR1pIVUZGTVJqaFRiMUpsUkRWQ1NWWmxiMGg0UW5VNGRFb3dQU0lzSW5abGNuTnBiMjRpT2lJeUlpd2lkSGx3WlNJNklrUkJWRUZmUzBWWklpd2laWGh3YVhKaGRHbHZiaUk2TVRjM05ERTNOREEzT1gwPQ==",
            "expires_at": "2026-03-22T10:07:59Z",
            "id": "us-west-2",
            "password": "eyJwYXlsb2FkIjoiQ1p4eUN4QzVJaXNmYkp6ZGZiN2E4aFR2MXlucXFWZHF2K0NKS0liVGhhcnA1Q29PMFhKdDVQS093Q2JaTkd0NStPQVluWjVOL3U3NUp1NFRSd2lyYllIRFlQQW5MMlFoU1lLY0VtVWZPVFdDdCsxRFZoOVlFSXZZcWV0MHIzRVJWY2hqM0JJL3lTYjlqOFE2a2tDemtXQXVEVi9JbGcwM09MNTdqZW5uSmxuWUhFRmd5bTdKQnFhTUNZRm1WYnBQSk9DbHBrUFZZTjFiMkpCbTdmUFE4dTlEQVFPUk56TEFib2dLS3dwREg2UlBJNTBGL3hsL0QyVGhEcXRUdDg5U3ZtN0JSNmFrNkxqY3hGNWFLbElKMEtTTXFOQ0ZLNmkrSCtsV3BQcWRvVWhiUWlXamt6T3dqaVZMcENVVElJTGVoTWpoaXhRenV6cndLODBjWVB3eWVWakhPOXBObmZLR2FOVHFPV3ZMTTJhZUhVeHdmUkFTRDhZQ1QzNjVWZUN2Y3R5Y09Lcm5oVzEwT1c4Y2lkL1VOUlBEVm52aDc4M0NqNkpVSCtMcmZEMC9ZOENoL2J3Tkh4WDFmY2xIWmJ3eVdFTXJURzl3dVVkc05VS09Kc3lJbkFja09PUUlhNGZkWUp1UC9UVGp6cURhSXpBZjc1K25iSFlmMXRYLzBQY3F6UlRPaWMvK3JiSUZuNzhrekhjdFhEOHcwelRWNE5RcDVzSEVzSVMwYWZ1Ym9UK3lVcUpZZjEwVHNtZmJCSU5Rd2JJSWs5T2RnSk9od3ErUitKVGlkT0VCVUdOZjlHOVQzZWMzV2hsUDlVdkhPRXNBNytWcUZEc3lMOFJCOXFrMXlMYVpxM1ZTWVJWUnYwekdiUTA5SmxlbUl6Mmh3OFUxaHJ4VFc3b2c5WDdWS2M4QnBDRVYwd1RBcUYwTjFQTHpTUmtyc0J5OW5TZ0hET250bU1xNm9jSVdjRm5RRkFaSVJ2WkE3aGxXZ2RqdEk2TW12amV1dy9CSWJ6SmNhaUxxRE9GVzRRYUpDNGxqSk1maVIxNlNYaHZta3RpdDVrWHA1azk3VDkrblBTRnhqelhzTEpwQU1kRjk2cVlpcHgwZk9OYWRZR24rd3FQUUU1UVZHYzJRb2tCMjVacUwwVFVrNUxXSVM1eGdDZlRCam1LTktQanJNZjVpdmw2SThEYlpwODVuNnp4a1l2RENUK1A5eEMrWWdtRXNadG5JdGtrS2hTK29hb242eHJzdUlqUG4rUVlGazVmNnJHL1E2Yy81ekJjeTd1S3ZEQ2p2ci91b21USHdFRHFIV1M5Nm9SMktwTVlLMTF1QWplVDdZWXhZT1YzSExxQjJNS2cvQzE5OTk3djBhUHhDeFdwTXduNUlneDJQZGFrWG16L0U0dkRZRUx4c29XWVBJTU94TFE4YjR2MWxHblg0bVhWL2ZpVlJXRm5Dd1NLS3R3bGdBM2M1Mk5TUGVob25vWk4rbFVub1pmWkxlUHFESk5yNEtSUlJuMXZCWHcvT2h0cklQeGVLUm5uQ3dVaVFraXRHa1dvdTdKeC82UUY2Ym8zdFpCQmVXTUZ0YXNLeDliVmNhU0hXQWF6UnJhQTFHVE02Y1RnS0RRbC9EdncvOFdoSU5sSVVuZ3ZoNFk3OURHWmFVMHFPRGhzZnZ3SVQrVFNNVG9jRGhaL0tDUjRYRXVKZyIsImRhdGFrZXkiOiJBUUVCQUhqNmxjNFhJSncvN2xuMEhjMDBETWVrNkdFeEhDYlk0UklwVE1DSTU4SW5Vd0FBQUg0d2ZBWUpLb1pJaHZjTkFRY0dvRzh3YlFJQkFEQm9CZ2txaGtpRzl3MEJCd0V3SGdZSllJWklBV1VEQkFFdU1CRUVES1pHdDYvU1Jjd1o5NEJlS0FJQkVJQTdzN0x1WmZVVmJmcGhmVUpaR3VRb0JVUzdOaWhldHk5TEUrZ2tlTjlBRWloNEMvci8yRXEvWGZHUFFMRjhTb1JlRDVCSVZlb0h4QnU4dEowPSIsInZlcnNpb24iOiIyIiwidHlwZSI6IkRBVEFfS0VZIiwiZXhwaXJhdGlvbiI6MTc3NDE3NDA3OX0=",
            "proxy_endpoint": "https://591389222803.dkr.ecr.us-west-2.amazonaws.com",
            "region": "us-west-2",
            "registry_id": null,
            "user_name": "AWS"
          },
          "sensitive_attributes": [
            [
              {
                "type": "get_attr",
                "value": "authorization_token"
              }
            ],
            [
              {
                "type": "get_attr",
                "value": "password"
              }
            ]
          ],
          "identity_schema_version": 0
        }
      ]
    },
    {
      "mode": "data",
      "type": "aws_iam_role",
      "name": "lab_role",
      "provider": "provider[\"registry.terraform.io/hashicorp/aws\"]",
      "instances": [
        {
          "schema_version": 0,
          "attributes": {
            "arn": "arn:aws:iam::591389222803:role/LabRole",
            "assume_role_policy": "{\"Version\":\"2012-10-17\",\"Statement\":[{\"Effect\":\"Allow\",\"Principal\":{\"Service\":[\"elasticfilesystem.amazonaws.com\",\"iotanalytics.amazonaws.com\",\"iot.amazonaws.com\",\"ecs-tasks.amazonaws.com\",\"rekognition.amazonaws.com\",\"lambda.amazonaws.com\",\"sns.amazonaws.com\",\"application-autoscaling.amazonaws.com\",\"elasticloadbalancing.amazonaws.com\",\"dynamodb.amazonaws.com\",\"credentials.iot.amazonaws.com\",\"cloud9.amazonaws.com\",\"databrew.amazonaws.com\",\"backup.amazonaws.com\",\"kinesis.amazonaws.com\",\"eks.amazonaws.com\",\"servicecatalog.amazonaws.com\",\"codedeploy.amazonaws.com\",\"codewhisperer.amazonaws.com\",\"rds.amazonaws.com\",\"forecast.amazonaws.com\",\"ec2.amazonaws.com\",\"apigateway.amazonaws.com\",\"athena.amazonaws.com\",\"sqs.amazonaws.com\",\"cloudformation.amazonaws.com\",\"kms.amazonaws.com\",\"resource-groups.amazonaws.com\",\"ec2.application-autoscaling.amazonaws.com\",\"elasticbeanstalk.amazonaws.com\",\"elasticmapreduce.amazonaws.com\",\"ecs.amazonaws.com\",\"states.amazonaws.com\",\"redshift.amazonaws.com\",\"deepracer.amazonaws.com\",\"cognito-idp.amazonaws.com\",\"eks-fargate-pods.amazonaws.com\",\"s3.amazonaws.com\",\"batch.amazonaws.com\",\"autoscaling.amazonaws.com\",\"sagemaker.amazonaws.com\",\"secretsmanager.amazonaws.com\",\"ssm.amazonaws.com\",\"scheduler.amazonaws.com\",\"kinesisanalytics.amazonaws.com\",\"pipes.amazonaws.com\",\"glue.amazonaws.com\",\"cloudtrail.amazonaws.com\",\"firehose.amazonaws.com\",\"codecommit.amazonaws.com\",\"iotevents.amazonaws.com\",\"events.amazonaws.com\",\"logs.amazonaws.com\"],\"AWS\":\"arn:aws:iam::591389222803:role/LabRole\"},\"Action\":\"sts:AssumeRole\"}]}",
            "create_date": "2026-01-18T05:40:55Z",
            "description": "",
            "id": "LabRole",
            "max_session_duration": 3600,
            "name": "LabRole",
            "path": "/",
            "permissions_boundary": "",
            "role_last_used": [
              {
                "last_used_date": "2026-03-21T21:49:34Z",
                "region": "us-west-2"
              }
            ],
            "tags": {
              "cloudlab": "c195402a5014886l13507425t1w591389222803"
            },
            "unique_id": "AROAYTMMLM6J7RSURNNJD"
          },
          "sensitive_attributes": [],
          "identity_schema_version": 0
        }
      ]
    },
    {
      "mode": "managed",
      "type": "docker_image",
      "name": "app",
      "provider": "provider[\"registry.terraform.io/kreuzwerker/docker\"]",
      "instances": [
        {
          "schema_version": 0,
          "attributes": {
            "build": [
              {
                "auth_config": [],
                "build_args": {},
                "build_id": "",
                "build_log_file": "",
                "builder": "",
                "cache_from": [],
                "cgroup_parent": "",
                "context": "../src",
                "cpu_period": 0,
                "cpu_quota": 0,
                "cpu_set_cpus": "",
                "cpu_set_mems": "",
                "cpu_shares": 0,
                "dockerfile": "Dockerfile",
                "extra_hosts": [],
                "force_remove": false,
                "isolation": "",
                "label": {},
                "labels": {},
                "memory": 0,
                "memory_swap": 0,
                "network_mode": "",
                "no_cache": false,
                "platform": "",
                "pull_parent": false,
                "remote_context": "",
                "remove": true,
                "secrets": [],
                "security_opt": [],
                "session_id": "",
                "shm_size": 0,
                "squash": false,
                "suppress_output": false,
                "tag": [],
                "target": "",
                "ulimit": [],
                "version": ""
              }
            ],
            "force_remove": null,
            "id": "sha256:4cb3980dfdb676e8770909f39404c8c47699e94af46341146644ff4ebb8b16ca591389222803.dkr.ecr.us-west-2.amazonaws.com/ecr_service:latest",
            "image_id": "sha256:4cb3980dfdb676e8770909f39404c8c47699e94af46341146644ff4ebb8b16ca",
            "keep_locally": null,
            "name": "591389222803.dkr.ecr.us-west-2.amazonaws.com/ecr_service:latest",
            "platform": null,
            "pull_triggers": null,
            "repo_digest": "591389222803.dkr.ecr.us-west-2.amazonaws.com/ecr_service@sha256:4cb3980dfdb676e8770909f39404c8c47699e94af46341146644ff4ebb8b16ca",
            "timeouts": null,
            "triggers": null
          },
          "sensitive_attributes": [],
          "identity_schema_version": 0,
          "private": "eyJlMmJmYjczMC1lY2FhLTExZTYtOGY4OC0zNDM2M2JjN2M0YzAiOnsiY3JlYXRlIjoxMjAwMDAwMDAwMDAwLCJkZWxldGUiOjEyMDAwMDAwMDAwMDAsInVwZGF0ZSI6MTIwMDAwMDAwMDAwMH19",
          "dependencies": [
            "data.aws_ecr_authorization_token.registry",
            "module.ecr.aws_ecr_repository.this"
          ]
        }
      ]
    },
    {
      "mode": "managed",
      "type": "docker_registry_image",
      "name": "app",
      "provider": "provider[\"registry.terraform.io/kreuzwerker/docker\"]",
      "instances": [
        {
          "schema_version": 0,
          "attributes": {
            "auth_config": [],
            "id": "sha256:4cb3980dfdb676e8770909f39404c8c47699e94af46341146644ff4ebb8b16ca",
            "insecure_skip_verify": false,
            "keep_remotely": false,
            "name": "591389222803.dkr.ecr.us-west-2.amazonaws.com/ecr_service:latest",
            "sha256_digest": "sha256:4cb3980dfdb676e8770909f39404c8c47699e94af46341146644ff4ebb8b16ca",
            "triggers": null
          },
          "sensitive_attributes": [],
          "identity_schema_version": 0,
          "private": "bnVsbA==",
          "dependencies": [
            "data.aws_ecr_authorization_token.registry",
            "docker_image.app",
            "module.ecr.aws_ecr_repository.this"
          ]
        }
      ]
    },
    {
      "module": "module.dynamodb",
      "mode": "managed",
      "type": "aws_dynamodb_table",
      "name": "shopping_carts",
      "provider": "provider[\"registry.terraform.io/hashicorp/aws\"]",
      "instances": [
        {
          "schema_version": 1,
          "attributes": {
            "arn": "arn:aws:dynamodb:us-west-2:591389222803:table/CS6650HW8-shopping-carts",
            "attribute": [
              {
                "name": "PK",
                "type": "S"
              },
              {
                "name": "SK",
                "type": "S"
              }
            ],
            "billing_mode": "PAY_PER_REQUEST",
            "deletion_protection_enabled": false,
            "global_secondary_index": [],
            "hash_key": "PK",
            "id": "CS6650HW8-shopping-carts",
            "import_table": [],
            "local_secondary_index": [],
            "name": "CS6650HW8-shopping-carts",
            "on_demand_throughput": [],
            "point_in_time_recovery": [
              {
                "enabled": false,
                "recovery_period_in_days": 0
              }
            ],
            "range_key": "SK",
            "read_capacity": 0,
            "region": "us-west-2",
            "replica": [],
            "restore_date_time": null,
            "restore_source_name": null,
            "restore_source_table_arn": null,
            "restore_to_latest_time": null,
            "server_side_encryption": [],
            "stream_arn": "",
            "stream_enabled": false,
            "stream_label": "",
            "stream_view_type": "",
            "table_class": "STANDARD",
            "tags": {
              "HW": "8",
              "Name": "CS6650HW8-shopping-carts"
            },
            "tags_all": {
              "HW": "8",
              "Name": "CS6650HW8-shopping-carts"
            },
            "timeouts": null,
            "ttl": [
              {
                "attribute_name": "",
                "enabled": false
              }
            ],
            "write_capacity": 0
          },
          "sensitive_attributes": [],
          "identity_schema_version": 0,
          "private": "eyJlMmJmYjczMC1lY2FhLTExZTYtOGY4OC0zNDM2M2JjN2M0YzAiOnsiY3JlYXRlIjoxODAwMDAwMDAwMDAwLCJkZWxldGUiOjYwMDAwMDAwMDAwMCwidXBkYXRlIjozNjAwMDAwMDAwMDAwfSwic2NoZW1hX3ZlcnNpb24iOiIxIn0="
        }
      ]
    },
    {
      "module": "module.ecr",
      "mode": "managed",
      "type": "aws_ecr_repository",
      "name": "this",
      "provider": "provider[\"registry.terraform.io/hashicorp/aws\"]",
      "instances": [
        {
          "schema_version": 0,
          "attributes": {
            "arn": "arn:aws:ecr:us-west-2:591389222803:repository/ecr_service",
            "encryption_configuration": [
              {
                "encryption_type": "AES256",
                "kms_key": ""
              }
            ],
            "force_delete": null,
            "id": "ecr_service",
            "image_scanning_configuration": [
              {
                "scan_on_push": false
              }
            ],
            "image_tag_mutability": "MUTABLE",
            "name": "ecr_service",
            "region": "us-west-2",
            "registry_id": "591389222803",
            "repository_url": "591389222803.dkr.ecr.us-west-2.amazonaws.com/ecr_service",
            "tags": {},
            "tags_all": {},
            "timeouts": null
          },
          "sensitive_attributes": [],
          "identity_schema_version": 0,
          "private": "eyJlMmJmYjczMC1lY2FhLTExZTYtOGY4OC0zNDM2M2JjN2M0YzAiOnsiZGVsZXRlIjoxMjAwMDAwMDAwMDAwfX0="
        }
      ]
    },
    {
      "module": "module.ecs",
      "mode": "managed",
      "type": "aws_ecs_cluster",
      "name": "this",
      "provider": "provider[\"registry.terraform.io/hashicorp/aws\"]",
      "instances": [
        {
          "schema_version": 0,
          "attributes": {
            "arn": "arn:aws:ecs:us-west-2:591389222803:cluster/CS6650HW8-cluster",
            "configuration": [],
            "id": "arn:aws:ecs:us-west-2:591389222803:cluster/CS6650HW8-cluster",
            "name": "CS6650HW8-cluster",
            "region": "us-west-2",
            "service_connect_defaults": [],
            "setting": [
              {
                "name": "containerInsights",
                "value": "disabled"
              }
            ],
            "tags": {},
            "tags_all": {}
          },
          "sensitive_attributes": [],
          "identity_schema_version": 0,
          "private": "bnVsbA=="
        }
      ]
    },
    {
      "module": "module.ecs",
      "mode": "managed",
      "type": "aws_ecs_service",
      "name": "this",
      "provider": "provider[\"registry.terraform.io/hashicorp/aws\"]",
      "instances": [
        {
          "schema_version": 1,
          "attributes": {
            "alarms": [],
            "arn": "arn:aws:ecs:us-west-2:591389222803:service/CS6650HW8-cluster/CS6650HW8",
            "availability_zone_rebalancing": "DISABLED",
            "capacity_provider_strategy": [],
            "cluster": "arn:aws:ecs:us-west-2:591389222803:cluster/CS6650HW8-cluster",
            "deployment_circuit_breaker": [
              {
                "enable": false,
                "rollback": false
              }
            ],
            "deployment_configuration": [],
            "deployment_controller": [
              {
                "type": "ECS"
              }
            ],
            "deployment_maximum_percent": 200,
            "deployment_minimum_healthy_percent": 100,
            "desired_count": 1,
            "enable_ecs_managed_tags": false,
            "enable_execute_command": false,
            "force_delete": null,
            "force_new_deployment": null,
            "health_check_grace_period_seconds": 0,
            "iam_role": "/aws-service-role/ecs.amazonaws.com/AWSServiceRoleForECS",
            "id": "arn:aws:ecs:us-west-2:591389222803:service/CS6650HW8-cluster/CS6650HW8",
            "launch_type": "FARGATE",
            "load_balancer": [],
            "name": "CS6650HW8",
            "network_configuration": [
              {
                "assign_public_ip": true,
                "security_groups": [
                  "sg-0a25cf07e01387e3a"
                ],
                "subnets": [
                  "subnet-04772a1706db6afe0",
                  "subnet-054377d23b6d420b4",
                  "subnet-06375a00e0d5f4ebd",
                  "subnet-09011d2d33407230c"
                ]
              }
            ],
            "ordered_placement_strategy": [],
            "placement_constraints": [],
            "platform_version": "LATEST",
            "propagate_tags": "NONE",
            "region": "us-west-2",
            "scheduling_strategy": "REPLICA",
            "service_connect_configuration": [],
            "service_registries": [],
            "tags": {},
            "tags_all": {},
            "task_definition": "arn:aws:ecs:us-west-2:591389222803:task-definition/CS6650HW8-task:2",
            "timeouts": null,
            "triggers": {},
            "volume_configuration": [],
            "vpc_lattice_configurations": [],
            "wait_for_steady_state": false
          },
          "sensitive_attributes": [],
          "identity_schema_version": 0,
          "private": "eyJlMmJmYjczMC1lY2FhLTExZTYtOGY4OC0zNDM2M2JjN2M0YzAiOnsiY3JlYXRlIjoxMjAwMDAwMDAwMDAwLCJkZWxldGUiOjEyMDAwMDAwMDAwMDAsInVwZGF0ZSI6MTIwMDAwMDAwMDAwMH0sInNjaGVtYV92ZXJzaW9uIjoiMSJ9",
          "dependencies": [
            "data.aws_iam_role.lab_role",
            "module.dynamodb.aws_dynamodb_table.shopping_carts",
            "module.ecr.aws_ecr_repository.this",
            "module.ecs.aws_ecs_cluster.this",
            "module.ecs.aws_ecs_task_definition.this",
            "module.logging.aws_cloudwatch_log_group.this",
            "module.network.aws_security_group.this",
            "module.network.data.aws_subnets.default",
            "module.network.data.aws_vpc.default",
            "module.rds.aws_db_instance.mysql",
            "module.rds.aws_db_subnet_group.main",
            "module.rds.aws_security_group.rds"
          ]
        }
      ]
    },
    {
      "module": "module.ecs",
      "mode": "managed",
      "type": "aws_ecs_task_definition",
      "name": "this",
      "provider": "provider[\"registry.terraform.io/hashicorp/aws\"]",
      "instances": [
        {
          "schema_version": 1,
          "attributes": {
            "arn": "arn:aws:ecs:us-west-2:591389222803:task-definition/CS6650HW8-task:2",
            "arn_without_revision": "arn:aws:ecs:us-west-2:591389222803:task-definition/CS6650HW8-task",
            "container_definitions": "[{\"environment\":[{\"name\":\"AWS_REGION\",\"value\":\"us-west-2\"},{\"name\":\"DB_BACKEND\",\"value\":\"dynamodb\"},{\"name\":\"DB_HOST\",\"value\":\"cs6650hw8-mysql.cyqo4hpsqcvk.us-west-2.rds.amazonaws.com\"},{\"name\":\"DB_NAME\",\"value\":\"shopping_cart_db\"},{\"name\":\"DB_PASSWORD\",\"value\":\"HW8pass123!\"},{\"name\":\"DB_PORT\",\"value\":\"3306\"},{\"name\":\"DB_USER\",\"value\":\"admin\"},{\"name\":\"DYNAMODB_TABLE\",\"value\":\"CS6650HW8-shopping-carts\"}],\"essential\":true,\"image\":\"591389222803.dkr.ecr.us-west-2.amazonaws.com/ecr_service:latest\",\"logConfiguration\":{\"logDriver\":\"awslogs\",\"options\":{\"awslogs-region\":\"us-west-2\",\"awslogs-stream-prefix\":\"ecs\",\"awslogs-group\":\"/ecs/CS6650HW8\"}},\"mountPoints\":[],\"name\":\"CS6650HW8-container\",\"portMappings\":[{\"containerPort\":5173,\"hostPort\":5173,\"protocol\":\"tcp\"}],\"systemControls\":[],\"volumesFrom\":[]}]",
            "cpu": "256",
            "enable_fault_injection": false,
            "ephemeral_storage": [],
            "execution_role_arn": "arn:aws:iam::591389222803:role/LabRole",
            "family": "CS6650HW8-task",
            "id": "CS6650HW8-task",
            "ipc_mode": "",
            "memory": "512",
            "network_mode": "awsvpc",
            "pid_mode": "",
            "placement_constraints": [],
            "proxy_configuration": [],
            "region": "us-west-2",
            "requires_compatibilities": [
              "FARGATE"
            ],
            "revision": 2,
            "runtime_platform": [],
            "skip_destroy": false,
            "tags": null,
            "tags_all": {},
            "task_role_arn": "arn:aws:iam::591389222803:role/LabRole",
            "track_latest": false,
            "volume": []
          },
          "sensitive_attributes": [
            [
              {
                "type": "get_attr",
                "value": "container_definitions"
              }
            ]
          ],
          "identity_schema_version": 0,
          "private": "eyJzY2hlbWFfdmVyc2lvbiI6IjEifQ==",
          "dependencies": [
            "data.aws_iam_role.lab_role",
            "module.dynamodb.aws_dynamodb_table.shopping_carts",
            "module.ecr.aws_ecr_repository.this",
            "module.logging.aws_cloudwatch_log_group.this",
            "module.network.aws_security_group.this",
            "module.network.data.aws_subnets.default",
            "module.network.data.aws_vpc.default",
            "module.rds.aws_db_instance.mysql",
            "module.rds.aws_db_subnet_group.main",
            "module.rds.aws_security_group.rds"
          ]
        }
      ]
    },
    {
      "module": "module.logging",
      "mode": "managed",
      "type": "aws_cloudwatch_log_group",
      "name": "this",
      "provider": "provider[\"registry.terraform.io/hashicorp/aws\"]",
      "instances": [
        {
          "schema_version": 0,
          "attributes": {
            "arn": "arn:aws:logs:us-west-2:591389222803:log-group:/ecs/CS6650HW8",
            "id": "/ecs/CS6650HW8",
            "kms_key_id": "",
            "log_group_class": "STANDARD",
            "name": "/ecs/CS6650HW8",
            "name_prefix": "",
            "region": "us-west-2",
            "retention_in_days": 7,
            "skip_destroy": false,
            "tags": {},
            "tags_all": {}
          },
          "sensitive_attributes": [],
          "identity_schema_version": 0,
          "private": "bnVsbA=="
        }
      ]
    },
    {
      "module": "module.network",
      "mode": "data",
      "type": "aws_subnets",
      "name": "default",
      "provider": "provider[\"registry.terraform.io/hashicorp/aws\"]",
      "instances": [
        {
          "schema_version": 0,
          "attributes": {
            "filter": [
              {
                "name": "vpc-id",
                "values": [
                  "vpc-0b50bf7fc2b8cdaa5"
                ]
              }
            ],
            "id": "us-west-2",
            "ids": [
              "subnet-054377d23b6d420b4",
              "subnet-04772a1706db6afe0",
              "subnet-09011d2d33407230c",
              "subnet-06375a00e0d5f4ebd"
            ],
            "region": "us-west-2",
            "tags": null,
            "timeouts": null
          },
          "sensitive_attributes": [],
          "identity_schema_version": 0
        }
      ]
    },
    {
      "module": "module.network",
      "mode": "data",
      "type": "aws_vpc",
      "name": "default",
      "provider": "provider[\"registry.terraform.io/hashicorp/aws\"]",
      "instances": [
        {
          "schema_version": 0,
          "attributes": {
            "arn": "arn:aws:ec2:us-west-2:591389222803:vpc/vpc-0b50bf7fc2b8cdaa5",
            "cidr_block": "172.31.0.0/16",
            "cidr_block_associations": [
              {
                "association_id": "vpc-cidr-assoc-0e9d51b12a3eee728",
                "cidr_block": "172.31.0.0/16",
                "state": "associated"
              }
            ],
            "default": true,
            "dhcp_options_id": "dopt-0d5086cdfede6897b",
            "enable_dns_hostnames": true,
            "enable_dns_support": true,
            "enable_network_address_usage_metrics": false,
            "filter": null,
            "id": "vpc-0b50bf7fc2b8cdaa5",
            "instance_tenancy": "default",
            "ipv6_association_id": "",
            "ipv6_cidr_block": "",
            "main_route_table_id": "rtb-08ba1492b2ac0e569",
            "owner_id": "591389222803",
            "region": "us-west-2",
            "state": null,
            "tags": {},
            "timeouts": null
          },
          "sensitive_attributes": [],
          "identity_schema_version": 0
        }
      ]
    },
    {
      "module": "module.network",
      "mode": "managed",
      "type": "aws_security_group",
      "name": "this",
      "provider": "provider[\"registry.terraform.io/hashicorp/aws\"]",
      "instances": [
        {
          "schema_version": 1,
          "attributes": {
            "arn": "arn:aws:ec2:us-west-2:591389222803:security-group/sg-0a25cf07e01387e3a",
            "description": "Allow inbound on 5173",
            "egress": [
              {
                "cidr_blocks": [
                  "0.0.0.0/0"
                ],
                "description": "Allow all outbound",
                "from_port": 0,
                "ipv6_cidr_blocks": [],
                "prefix_list_ids": [],
                "protocol": "-1",
                "security_groups": [],
                "self": false,
                "to_port": 0
              }
            ],
            "id": "sg-0a25cf07e01387e3a",
            "ingress": [
              {
                "cidr_blocks": [
                  "0.0.0.0/0"
                ],
                "description": "Allow HTTP traffic",
                "from_port": 5173,
                "ipv6_cidr_blocks": [],
                "prefix_list_ids": [],
                "protocol": "tcp",
                "security_groups": [],
                "self": false,
                "to_port": 5173
              }
            ],
            "name": "CS6650HW8-sg",
            "name_prefix": "",
            "owner_id": "591389222803",
            "region": "us-west-2",
            "revoke_rules_on_delete": false,
            "tags": {},
            "tags_all": {},
            "timeouts": null,
            "vpc_id": "vpc-0b50bf7fc2b8cdaa5"
          },
          "sensitive_attributes": [],
          "identity_schema_version": 0,
          "private": "eyJlMmJmYjczMC1lY2FhLTExZTYtOGY4OC0zNDM2M2JjN2M0YzAiOnsiY3JlYXRlIjo2MDAwMDAwMDAwMDAsImRlbGV0ZSI6OTAwMDAwMDAwMDAwfSwic2NoZW1hX3ZlcnNpb24iOiIxIn0=",
          "dependencies": [
            "module.network.data.aws_vpc.default"
          ]
        }
      ]
    },
    {
      "module": "module.rds",
      "mode": "managed",
      "type": "aws_db_instance",
      "name": "mysql",
      "provider": "provider[\"registry.terraform.io/hashicorp/aws\"]",
      "instances": [
        {
          "schema_version": 2,
          "attributes": {
            "address": "cs6650hw8-mysql.cyqo4hpsqcvk.us-west-2.rds.amazonaws.com",
            "allocated_storage": 20,
            "allow_major_version_upgrade": null,
            "apply_immediately": true,
            "arn": "arn:aws:rds:us-west-2:591389222803:db:cs6650hw8-mysql",
            "auto_minor_version_upgrade": true,
            "availability_zone": "us-west-2b",
            "backup_retention_period": 0,
            "backup_target": "region",
            "backup_window": "10:42-11:12",
            "blue_green_update": [],
            "ca_cert_identifier": "rds-ca-rsa2048-g1",
            "character_set_name": "",
            "copy_tags_to_snapshot": false,
            "custom_iam_instance_profile": "",
            "customer_owned_ip_enabled": false,
            "database_insights_mode": "standard",
            "db_name": "shopping_cart_db",
            "db_subnet_group_name": "cs6650hw8-db-subnet",
            "dedicated_log_volume": false,
            "delete_automated_backups": true,
            "deletion_protection": false,
            "domain": "",
            "domain_auth_secret_arn": "",
            "domain_dns_ips": [],
            "domain_fqdn": "",
            "domain_iam_role_name": "",
            "domain_ou": "",
            "enabled_cloudwatch_logs_exports": [],
            "endpoint": "cs6650hw8-mysql.cyqo4hpsqcvk.us-west-2.rds.amazonaws.com:3306",
            "engine": "mysql",
            "engine_lifecycle_support": "open-source-rds-extended-support",
            "engine_version": "8.0",
            "engine_version_actual": "8.0.44",
            "final_snapshot_identifier": null,
            "hosted_zone_id": "Z1PVIF0B656C1W",
            "iam_database_authentication_enabled": false,
            "id": "db-Z6GMAF34MQVNRDMFVHYVJSTMKI",
            "identifier": "cs6650hw8-mysql",
            "identifier_prefix": "",
            "instance_class": "db.t3.micro",
            "iops": 0,
            "kms_key_id": "",
            "latest_restorable_time": "",
            "license_model": "general-public-license",
            "listener_endpoint": [],
            "maintenance_window": "fri:09:04-fri:09:34",
            "manage_master_user_password": null,
            "master_user_secret": [],
            "master_user_secret_kms_key_id": null,
            "max_allocated_storage": 0,
            "monitoring_interval": 0,
            "monitoring_role_arn": "",
            "multi_az": false,
            "nchar_character_set_name": "",
            "network_type": "IPV4",
            "option_group_name": "default:mysql-8-0",
            "parameter_group_name": "default.mysql8.0",
            "password": "HW8pass123!",
            "password_wo": null,
            "password_wo_version": null,
            "performance_insights_enabled": false,
            "performance_insights_kms_key_id": "",
            "performance_insights_retention_period": 0,
            "port": 3306,
            "publicly_accessible": false,
            "region": "us-west-2",
            "replica_mode": "",
            "replicas": [],
            "replicate_source_db": "",
            "resource_id": "db-Z6GMAF34MQVNRDMFVHYVJSTMKI",
            "restore_to_point_in_time": [],
            "s3_import": [],
            "skip_final_snapshot": true,
            "snapshot_identifier": null,
            "status": "available",
            "storage_encrypted": false,
            "storage_throughput": 0,
            "storage_type": "gp2",
            "tags": {
              "HW": "8",
              "Name": "CS6650HW8-mysql"
            },
            "tags_all": {
              "HW": "8",
              "Name": "CS6650HW8-mysql"
            },
            "timeouts": null,
            "timezone": "",
            "upgrade_storage_config": null,
            "username": "admin",
            "vpc_security_group_ids": [
              "sg-0ae7bc875d26e8962"
            ]
          },
          "sensitive_attributes": [
            [
              {
                "type": "get_attr",
                "value": "password"
              }
            ],
            [
              {
                "type": "get_attr",
                "value": "password_wo"
              }
            ]
          ],
          "identity_schema_version": 0,
          "private": "eyJlMmJmYjczMC1lY2FhLTExZTYtOGY4OC0zNDM2M2JjN2M0YzAiOnsiY3JlYXRlIjozMDAwMDAwMDAwMDAwLCJkZWxldGUiOjM2MDAwMDAwMDAwMDAsInVwZGF0ZSI6NDgwMDAwMDAwMDAwMH0sInNjaGVtYV92ZXJzaW9uIjoiMiJ9",
          "dependencies": [
            "module.network.aws_security_group.this",
            "module.network.data.aws_subnets.default",
            "module.network.data.aws_vpc.default",
            "module.rds.aws_db_subnet_group.main",
            "module.rds.aws_security_group.rds"
          ]
        }
      ]
    },
    {
      "module": "module.rds",
      "mode": "managed",
      "type": "aws_db_subnet_group",
      "name": "main",
      "provider": "provider[\"registry.terraform.io/hashicorp/aws\"]",
      "instances": [
        {
          "schema_version": 0,
          "attributes": {
            "arn": "arn:aws:rds:us-west-2:591389222803:subgrp:cs6650hw8-db-subnet",
            "description": "Managed by Terraform",
            "id": "cs6650hw8-db-subnet",
            "name": "cs6650hw8-db-subnet",
            "name_prefix": "",
            "region": "us-west-2",
            "subnet_ids": [
              "subnet-04772a1706db6afe0",
              "subnet-054377d23b6d420b4",
              "subnet-06375a00e0d5f4ebd",
              "subnet-09011d2d33407230c"
            ],
            "supported_network_types": [
              "IPV4"
            ],
            "tags": {
              "Name": "CS6650HW8-db-subnet"
            },
            "tags_all": {
              "Name": "CS6650HW8-db-subnet"
            },
            "vpc_id": "vpc-0b50bf7fc2b8cdaa5"
          },
          "sensitive_attributes": [],
          "identity_schema_version": 0,
          "private": "bnVsbA==",
          "dependencies": [
            "module.network.data.aws_subnets.default",
            "module.network.data.aws_vpc.default"
          ]
        }
      ]
    },
    {
      "module": "module.rds",
      "mode": "managed",
      "type": "aws_security_group",
      "name": "rds",
      "provider": "provider[\"registry.terraform.io/hashicorp/aws\"]",
      "instances": [
        {
          "schema_version": 1,
          "attributes": {
            "arn": "arn:aws:ec2:us-west-2:591389222803:security-group/sg-0ae7bc875d26e8962",
            "description": "Allow MySQL access from ECS tasks only",
            "egress": [
              {
                "cidr_blocks": [
                  "0.0.0.0/0"
                ],
                "description": "",
                "from_port": 0,
                "ipv6_cidr_blocks": [],
                "prefix_list_ids": [],
                "protocol": "-1",
                "security_groups": [],
                "self": false,
                "to_port": 0
              }
            ],
            "id": "sg-0ae7bc875d26e8962",
            "ingress": [
              {
                "cidr_blocks": [],
                "description": "MySQL from ECS",
                "from_port": 3306,
                "ipv6_cidr_blocks": [],
                "prefix_list_ids": [],
                "protocol": "tcp",
                "security_groups": [
                  "sg-0a25cf07e01387e3a"
                ],
                "self": false,
                "to_port": 3306
              }
            ],
            "name": "cs6650hw8-rds-sg",
            "name_prefix": "",
            "owner_id": "591389222803",
            "region": "us-west-2",
            "revoke_rules_on_delete": false,
            "tags": {
              "Name": "CS6650HW8-rds-sg"
            },
            "tags_all": {
              "Name": "CS6650HW8-rds-sg"
            },
            "timeouts": null,
            "vpc_id": "vpc-0b50bf7fc2b8cdaa5"
          },
          "sensitive_attributes": [],
          "identity_schema_version": 0,
          "private": "eyJlMmJmYjczMC1lY2FhLTExZTYtOGY4OC0zNDM2M2JjN2M0YzAiOnsiY3JlYXRlIjo2MDAwMDAwMDAwMDAsImRlbGV0ZSI6OTAwMDAwMDAwMDAwfSwic2NoZW1hX3ZlcnNpb24iOiIxIn0=",
          "dependencies": [
            "module.network.aws_security_group.this",
            "module.network.data.aws_vpc.default"
          ]
        }
      ]
    }
  ],
  "check_results": null
}
